# THIS IS AN AUTOGENERATED FILE. DO NOT EDIT THIS FILE DIRECTLY.
# yarn lockfile v1


convertapi-js@^1.0.8:
  version "1.0.8"
  resolved "https://registry.yarnpkg.com/convertapi-js/-/convertapi-js-1.0.8.tgz#6038ca00145c6485e5fca91ce24509537f66c493"
  integrity sha512-iuwiXXyUEL4MqQgW7j/wRkxtaN4QrY1D9P/XEcumTHOEUSgvUe7idzvmDxAP+6eO+ZJ4FHQmZ8D9wjKDPy08bg==
